// !$*UTF8*$!
{
	archiveVersion = 1;
	classes = {
	};
	objectVersion = 56;
	objects = {

/* Begin PBXBuildFile section */
		723509A62C74A6CB003C7F5B /* ChartScreen.swift in Sources */ = {isa = PBXBuildFile; fileRef = 723509A52C74A6CB003C7F5B /* ChartScreen.swift */; };
		7257044A2C6E7EA10012E89D /* accessCameraView.swift in Sources */ = {isa = PBXBuildFile; fileRef = 725704492C6E7EA10012E89D /* accessCameraView.swift */; };
		7257044C2C6F81080012E89D /* EditProduct.swift in Sources */ = {isa = PBXBuildFile; fileRef = 7257044B2C6F81080012E89D /* EditProduct.swift */; };
		7257044F2C6FBCE80012E89D /* CodeScanner in Frameworks */ = {isa = PBXBuildFile; productRef = 7257044E2C6FBCE80012E89D /* CodeScanner */; };
		725704512C7126940012E89D /* TransactionScreen.swift in Sources */ = {isa = PBXBuildFile; fileRef = 725704502C7126940012E89D /* TransactionScreen.swift */; };
		725704552C720DBF0012E89D /* addTransaction.swift in Sources */ = {isa = PBXBuildFile; fileRef = 725704542C720DBF0012E89D /* addTransaction.swift */; };
		726FDD362C6D27EA004A11AC /* Inventory_ManagementApp.swift in Sources */ = {isa = PBXBuildFile; fileRef = 726FDD352C6D27EA004A11AC /* Inventory_ManagementApp.swift */; };
		726FDD382C6D27EA004A11AC /* ProductScreen.swift in Sources */ = {isa = PBXBuildFile; fileRef = 726FDD372C6D27EA004A11AC /* ProductScreen.swift */; };
		726FDD3A2C6D27EB004A11AC /* Assets.xcassets in Resources */ = {isa = PBXBuildFile; fileRef = 726FDD392C6D27EB004A11AC /* Assets.xcassets */; };
		726FDD3D2C6D27EB004A11AC /* Preview Assets.xcassets in Resources */ = {isa = PBXBuildFile; fileRef = 726FDD3C2C6D27EB004A11AC /* Preview Assets.xcassets */; };
		726FDD462C6D284C004A11AC /* Product.swift in Sources */ = {isa = PBXBuildFile; fileRef = 726FDD452C6D284C004A11AC /* Product.swift */; };
		726FDD482C6D2D5A004A11AC /* Client.swift in Sources */ = {isa = PBXBuildFile; fileRef = 726FDD472C6D2D5A004A11AC /* Client.swift */; };
		726FDD4C2C6D2F32004A11AC /* StockTransaction.swift in Sources */ = {isa = PBXBuildFile; fileRef = 726FDD4B2C6D2F32004A11AC /* StockTransaction.swift */; };
		726FDD4F2C6E04D0004A11AC /* addProduct.swift in Sources */ = {isa = PBXBuildFile; fileRef = 726FDD4E2C6E04D0004A11AC /* addProduct.swift */; };
/* End PBXBuildFile section */

/* Begin PBXFileReference section */
		723509A52C74A6CB003C7F5B /* ChartScreen.swift */ = {isa = PBXFileReference; lastKnownFileType = sourcecode.swift; path = ChartScreen.swift; sourceTree = "<group>"; };
		725704492C6E7EA10012E89D /* accessCameraView.swift */ = {isa = PBXFileReference; lastKnownFileType = sourcecode.swift; path = accessCameraView.swift; sourceTree = "<group>"; };
		7257044B2C6F81080012E89D /* EditProduct.swift */ = {isa = PBXFileReference; lastKnownFileType = sourcecode.swift; path = EditProduct.swift; sourceTree = "<group>"; };
		725704502C7126940012E89D /* TransactionScreen.swift */ = {isa = PBXFileReference; lastKnownFileType = sourcecode.swift; path = TransactionScreen.swift; sourceTree = "<group>"; };
		725704542C720DBF0012E89D /* addTransaction.swift */ = {isa = PBXFileReference; lastKnownFileType = sourcecode.swift; path = addTransaction.swift; sourceTree = "<group>"; };
		726FDD322C6D27EA004A11AC /* Inventory Management.app */ = {isa = PBXFileReference; explicitFileType = wrapper.application; includeInIndex = 0; path = "Inventory Management.app"; sourceTree = BUILT_PRODUCTS_DIR; };
		726FDD352C6D27EA004A11AC /* Inventory_ManagementApp.swift */ = {isa = PBXFileReference; lastKnownFileType = sourcecode.swift; path = Inventory_ManagementApp.swift; sourceTree = "<group>"; };
		726FDD372C6D27EA004A11AC /* ProductScreen.swift */ = {isa = PBXFileReference; lastKnownFileType = sourcecode.swift; path = ProductScreen.swift; sourceTree = "<group>"; };
		726FDD392C6D27EB004A11AC /* Assets.xcassets */ = {isa = PBXFileReference; lastKnownFileType = folder.assetcatalog; path = Assets.xcassets; sourceTree = "<group>"; };
		726FDD3C2C6D27EB004A11AC /* Preview Assets.xcassets */ = {isa = PBXFileReference; lastKnownFileType = folder.assetcatalog; path = "Preview Assets.xcassets"; sourceTree = "<group>"; };
		726FDD452C6D284C004A11AC /* Product.swift */ = {isa = PBXFileReference; lastKnownFileType = sourcecode.swift; path = Product.swift; sourceTree = "<group>"; };
		726FDD472C6D2D5A004A11AC /* Client.swift */ = {isa = PBXFileReference; lastKnownFileType = sourcecode.swift; path = Client.swift; sourceTree = "<group>"; };
		726FDD4B2C6D2F32004A11AC /* StockTransaction.swift */ = {isa = PBXFileReference; lastKnownFileType = sourcecode.swift; path = StockTransaction.swift; sourceTree = "<group>"; };
		726FDD4E2C6E04D0004A11AC /* addProduct.swift */ = {isa = PBXFileReference; lastKnownFileType = sourcecode.swift; path = addProduct.swift; sourceTree = "<group>"; };
/* End PBXFileReference section */

/* Begin PBXFrameworksBuildPhase section */
		726FDD2F2C6D27EA004A11AC /* Frameworks */ = {
			isa = PBXFrameworksBuildPhase;
			buildActionMask = 2147483647;
			files = (
				7257044F2C6FBCE80012E89D /* CodeScanner in Frameworks */,
			);
			runOnlyForDeploymentPostprocessing = 0;
		};
/* End PBXFrameworksBuildPhase section */

/* Begin PBXGroup section */
		726FDD292C6D27EA004A11AC = {
			isa = PBXGroup;
			children = (
				726FDD342C6D27EA004A11AC /* Inventory Management */,
				726FDD332C6D27EA004A11AC /* Products */,
			);
			sourceTree = "<group>";
		};
		726FDD332C6D27EA004A11AC /* Products */ = {
			isa = PBXGroup;
			children = (
				726FDD322C6D27EA004A11AC /* Inventory Management.app */,
			);
			name = Products;
			sourceTree = "<group>";
		};
		726FDD342C6D27EA004A11AC /* Inventory Management */ = {
			isa = PBXGroup;
			children = (
				726FDD4D2C6E04BA004A11AC /* Views */,
				726FDD442C6D2832004A11AC /* Models */,
				726FDD432C6D281F004A11AC /* Screens */,
				726FDD352C6D27EA004A11AC /* Inventory_ManagementApp.swift */,
				726FDD392C6D27EB004A11AC /* Assets.xcassets */,
				726FDD3B2C6D27EB004A11AC /* Preview Content */,
			);
			path = "Inventory Management";
			sourceTree = "<group>";
		};
		726FDD3B2C6D27EB004A11AC /* Preview Content */ = {
			isa = PBXGroup;
			children = (
				726FDD3C2C6D27EB004A11AC /* Preview Assets.xcassets */,
			);
			path = "Preview Content";
			sourceTree = "<group>";
		};
		726FDD432C6D281F004A11AC /* Screens */ = {
			isa = PBXGroup;
			children = (
				723509A52C74A6CB003C7F5B /* ChartScreen.swift */,
				726FDD372C6D27EA004A11AC /* ProductScreen.swift */,
				725704502C7126940012E89D /* TransactionScreen.swift */,
			);
			path = Screens;
			sourceTree = "<group>";
		};
		726FDD442C6D2832004A11AC /* Models */ = {
			isa = PBXGroup;
			children = (
				726FDD452C6D284C004A11AC /* Product.swift */,
				726FDD472C6D2D5A004A11AC /* Client.swift */,
				726FDD4B2C6D2F32004A11AC /* StockTransaction.swift */,
			);
			path = Models;
			sourceTree = "<group>";
		};
		726FDD4D2C6E04BA004A11AC /* Views */ = {
			isa = PBXGroup;
			children = (
				726FDD4E2C6E04D0004A11AC /* addProduct.swift */,
				725704492C6E7EA10012E89D /* accessCameraView.swift */,
				7257044B2C6F81080012E89D /* EditProduct.swift */,
				725704542C720DBF0012E89D /* addTransaction.swift */,
			);
			path = Views;
			sourceTree = "<group>";
		};
/* End PBXGroup section */

/* Begin PBXNativeTarget section */
		726FDD312C6D27EA004A11AC /* Inventory Management */ = {
			isa = PBXNativeTarget;
			buildConfigurationList = 726FDD402C6D27EB004A11AC /* Build configuration list for PBXNativeTarget "Inventory Management" */;
			buildPhases = (
				726FDD2E2C6D27EA004A11AC /* Sources */,
				726FDD2F2C6D27EA004A11AC /* Frameworks */,
				726FDD302C6D27EA004A11AC /* Resources */,
			);
			buildRules = (
			);
			dependencies = (
			);
			name = "Inventory Management";
			packageProductDependencies = (
				7257044E2C6FBCE80012E89D /* CodeScanner */,
			);
			productName = "Inventory Management";
			productReference = 726FDD322C6D27EA004A11AC /* Inventory Management.app */;
			productType = "com.apple.product-type.application";
		};
/* End PBXNativeTarget section */

/* Begin PBXProject section */
		726FDD2A2C6D27EA004A11AC /* Project object */ = {
			isa = PBXProject;
			attributes = {
				BuildIndependentTargetsInParallel = 1;
				LastSwiftUpdateCheck = 1540;
				LastUpgradeCheck = 1540;
				TargetAttributes = {
					726FDD312C6D27EA004A11AC = {
						CreatedOnToolsVersion = 15.4;
					};
				};
			};
			buildConfigurationList = 726FDD2D2C6D27EA004A11AC /* Build configuration list for PBXProject "Inventory Management" */;
			compatibilityVersion = "Xcode 14.0";
			developmentRegion = en;
			hasScannedForEncodings = 0;
			knownRegions = (
				en,
				Base,
			);
			mainGroup = 726FDD292C6D27EA004A11AC;
			packageReferences = (
				7257044D2C6FBCE80012E89D /* XCRemoteSwiftPackageReference "CodeScanner" */,
			);
			productRefGroup = 726FDD332C6D27EA004A11AC /* Products */;
			projectDirPath = "";
			projectRoot = "";
			targets = (
				726FDD312C6D27EA004A11AC /* Inventory Management */,
			);
		};
/* End PBXProject section */

/* Begin PBXResourcesBuildPhase section */
		726FDD302C6D27EA004A11AC /* Resources */ = {
			isa = PBXResourcesBuildPhase;
			buildActionMask = 2147483647;
			files = (
				726FDD3D2C6D27EB004A11AC /* Preview Assets.xcassets in Resources */,
				726FDD3A2C6D27EB004A11AC /* Assets.xcassets in Resources */,
			);
			runOnlyForDeploymentPostprocessing = 0;
		};
/* End PBXResourcesBuildPhase section */

/* Begin PBXSourcesBuildPhase section */
		726FDD2E2C6D27EA004A11AC /* Sources */ = {
			isa = PBXSourcesBuildPhase;
			buildActionMask = 2147483647;
			files = (
				726FDD382C6D27EA004A11AC /* ProductScreen.swift in Sources */,
				726FDD4F2C6E04D0004A11AC /* addProduct.swift in Sources */,
				725704552C720DBF0012E89D /* addTransaction.swift in Sources */,
				723509A62C74A6CB003C7F5B /* ChartScreen.swift in Sources */,
				726FDD4C2C6D2F32004A11AC /* StockTransaction.swift in Sources */,
				7257044C2C6F81080012E89D /* EditProduct.swift in Sources */,
				725704512C7126940012E89D /* TransactionScreen.swift in Sources */,
				726FDD482C6D2D5A004A11AC /* Client.swift in Sources */,
				726FDD362C6D27EA004A11AC /* Inventory_ManagementApp.swift in Sources */,
				726FDD462C6D284C004A11AC /* Product.swift in Sources */,
				7257044A2C6E7EA10012E89D /* accessCameraView.swift in Sources */,
			);
			runOnlyForDeploymentPostprocessing = 0;
		};
/* End PBXSourcesBuildPhase section */

/* Begin XCBuildConfiguration section */
		726FDD3E2C6D27EB004A11AC /* Debug */ = {
			isa = XCBuildConfiguration;
			buildSettings = {
				ALWAYS_SEARCH_USER_PATHS = NO;
				ASSETCATALOG_COMPILER_GENERATE_SWIFT_ASSET_SYMBOL_EXTENSIONS = YES;
				CLANG_ANALYZER_NONNULL = YES;
				CLANG_ANALYZER_NUMBER_OBJECT_CONVERSION = YES_AGGRESSIVE;
				CLANG_CXX_LANGUAGE_STANDARD = "gnu++20";
				CLANG_ENABLE_MODULES = YES;
				CLANG_ENABLE_OBJC_ARC = YES;
				CLANG_ENABLE_OBJC_WEAK = YES;
				CLANG_WARN_BLOCK_CAPTURE_AUTORELEASING = YES;
				CLANG_WARN_BOOL_CONVERSION = YES;
				CLANG_WARN_COMMA = YES;
				CLANG_WARN_CONSTANT_CONVERSION = YES;
				CLANG_WARN_DEPRECATED_OBJC_IMPLEMENTATIONS = YES;
				CLANG_WARN_DIRECT_OBJC_ISA_USAGE = YES_ERROR;
				CLANG_WARN_DOCUMENTATION_COMMENTS = YES;
				CLANG_WARN_EMPTY_BODY = YES;
				CLANG_WARN_ENUM_CONVERSION = YES;
				CLANG_WARN_INFINITE_RECURSION = YES;
				CLANG_WARN_INT_CONVERSION = YES;
				CLANG_WARN_NON_LITERAL_NULL_CONVERSION = YES;
				CLANG_WARN_OBJC_IMPLICIT_RETAIN_SELF = YES;
				CLANG_WARN_OBJC_LITERAL_CONVERSION = YES;
				CLANG_WARN_OBJC_ROOT_CLASS = YES_ERROR;
				CLANG_WARN_QUOTED_INCLUDE_IN_FRAMEWORK_HEADER = YES;
				CLANG_WARN_RANGE_LOOP_ANALYSIS = YES;
				CLANG_WARN_STRICT_PROTOTYPES = YES;
				CLANG_WARN_SUSPICIOUS_MOVE = YES;
				CLANG_WARN_UNGUARDED_AVAILABILITY = YES_AGGRESSIVE;
				CLANG_WARN_UNREACHABLE_CODE = YES;
				CLANG_WARN__DUPLICATE_METHOD_MATCH = YES;
				COPY_PHASE_STRIP = NO;
				DEBUG_INFORMATION_FORMAT = dwarf;
				ENABLE_STRICT_OBJC_MSGSEND = YES;
				ENABLE_TESTABILITY = YES;
				ENABLE_USER_SCRIPT_SANDBOXING = YES;
				GCC_C_LANGUAGE_STANDARD = gnu17;
				GCC_DYNAMIC_NO_PIC = NO;
				GCC_NO_COMMON_BLOCKS = YES;
				GCC_OPTIMIZATION_LEVEL = 0;
				GCC_PREPROCESSOR_DEFINITIONS = (
					"DEBUG=1",
					"$(inherited)",
				);
				GCC_WARN_64_TO_32_BIT_CONVERSION = YES;
				GCC_WARN_ABOUT_RETURN_TYPE = YES_ERROR;
				GCC_WARN_UNDECLARED_SELECTOR = YES;
				GCC_WARN_UNINITIALIZED_AUTOS = YES_AGGRESSIVE;
				GCC_WARN_UNUSED_FUNCTION = YES;
				GCC_WARN_UNUSED_VARIABLE = YES;
				IPHONEOS_DEPLOYMENT_TARGET = 17.5;
				LOCALIZATION_PREFERS_STRING_CATALOGS = YES;
				MTL_ENABLE_DEBUG_INFO = INCLUDE_SOURCE;
				MTL_FAST_MATH = YES;
				ONLY_ACTIVE_ARCH = YES;
				SDKROOT = iphoneos;
				SWIFT_ACTIVE_COMPILATION_CONDITIONS = "DEBUG $(inherited)";
				SWIFT_OPTIMIZATION_LEVEL = "-Onone";
			};
			name = Debug;
		};
		726FDD3F2C6D27EB004A11AC /* Release */ = {
			isa = XCBuildConfiguration;
			buildSettings = {
				ALWAYS_SEARCH_USER_PATHS = NO;
				ASSETCATALOG_COMPILER_GENERATE_SWIFT_ASSET_SYMBOL_EXTENSIONS = YES;
				CLANG_ANALYZER_NONNULL = YES;
				CLANG_ANALYZER_NUMBER_OBJECT_CONVERSION = YES_AGGRESSIVE;
				CLANG_CXX_LANGUAGE_STANDARD = "gnu++20";
				CLANG_ENABLE_MODULES = YES;
				CLANG_ENABLE_OBJC_ARC = YES;
				CLANG_ENABLE_OBJC_WEAK = YES;
				CLANG_WARN_BLOCK_CAPTURE_AUTORELEASING = YES;
				CLANG_WARN_BOOL_CONVERSION = YES;
				CLANG_WARN_COMMA = YES;
				CLANG_WARN_CONSTANT_CONVERSION = YES;
				CLANG_WARN_DEPRECATED_OBJC_IMPLEMENTATIONS = YES;
				CLANG_WARN_DIRECT_OBJC_ISA_USAGE = YES_ERROR;
				CLANG_WARN_DOCUMENTATION_COMMENTS = YES;
				CLANG_WARN_EMPTY_BODY = YES;
				CLANG_WARN_ENUM_CONVERSION = YES;
				CLANG_WARN_INFINITE_RECURSION = YES;
				CLANG_WARN_INT_CONVERSION = YES;
				CLANG_WARN_NON_LITERAL_NULL_CONVERSION = YES;
				CLANG_WARN_OBJC_IMPLICIT_RETAIN_SELF = YES;
				CLANG_WARN_OBJC_LITERAL_CONVERSION = YES;
				CLANG_WARN_OBJC_ROOT_CLASS = YES_ERROR;
				CLANG_WARN_QUOTED_INCLUDE_IN_FRAMEWORK_HEADER = YES;
				CLANG_WARN_RANGE_LOOP_ANALYSIS = YES;
				CLANG_WARN_STRICT_PROTOTYPES = YES;
				CLANG_WARN_SUSPICIOUS_MOVE = YES;
				CLANG_WARN_UNGUARDED_AVAILABILITY = YES_AGGRESSIVE;
				CLANG_WARN_UNREACHABLE_CODE = YES;
				CLANG_WARN__DUPLICATE_METHOD_MATCH = YES;
				COPY_PHASE_STRIP = NO;
				DEBUG_INFORMATION_FORMAT = "dwarf-with-dsym";
				ENABLE_NS_ASSERTIONS = NO;
				ENABLE_STRICT_OBJC_MSGSEND = YES;
				ENABLE_USER_SCRIPT_SANDBOXING = YES;
				GCC_C_LANGUAGE_STANDARD = gnu17;
				GCC_NO_COMMON_BLOCKS = YES;
				GCC_WARN_64_TO_32_BIT_CONVERSION = YES;
				GCC_WARN_ABOUT_RETURN_TYPE = YES_ERROR;
				GCC_WARN_UNDECLARED_SELECTOR = YES;
				GCC_WARN_UNINITIALIZED_AUTOS = YES_AGGRESSIVE;
				GCC_WARN_UNUSED_FUNCTION = YES;
				GCC_WARN_UNUSED_VARIABLE = YES;
				IPHONEOS_DEPLOYMENT_TARGET = 17.5;
				LOCALIZATION_PREFERS_STRING_CATALOGS = YES;
				MTL_ENABLE_DEBUG_INFO = NO;
				MTL_FAST_MATH = YES;
				SDKROOT = iphoneos;
				SWIFT_COMPILATION_MODE = wholemodule;
				VALIDATE_PRODUCT = YES;
			};
			name = Release;
		};
		726FDD412C6D27EB004A11AC /* Debug */ = {
			isa = XCBuildConfiguration;
			buildSettings = {
				ASSETCATALOG_COMPILER_APPICON_NAME = AppIcon;
				ASSETCATALOG_COMPILER_GLOBAL_ACCENT_COLOR_NAME = AccentColor;
				CODE_SIGN_STYLE = Automatic;
				CURRENT_PROJECT_VERSION = 1;
				DEVELOPMENT_ASSET_PATHS = "\"Inventory Management/Preview Content\"";
				DEVELOPMENT_TEAM = 5DLMWUFRTJ;
				ENABLE_PREVIEWS = YES;
				GENERATE_INFOPLIST_FILE = YES;
				INFOPLIST_KEY_NSCameraUsageDescription = "";
				INFOPLIST_KEY_UIApplicationSceneManifest_Generation = YES;
				INFOPLIST_KEY_UIApplicationSupportsIndirectInputEvents = YES;
				INFOPLIST_KEY_UILaunchScreen_Generation = YES;
				INFOPLIST_KEY_UISupportedInterfaceOrientations_iPad = "UIInterfaceOrientationPortrait UIInterfaceOrientationPortraitUpsideDown UIInterfaceOrientationLandscapeLeft UIInterfaceOrientationLandscapeRight";
				INFOPLIST_KEY_UISupportedInterfaceOrientations_iPhone = "UIInterfaceOrientationPortrait UIInterfaceOrientationLandscapeLeft UIInterfaceOrientationLandscapeRight";
				INFOPLIST_KEY_UIUserInterfaceStyle = Light;
				LD_RUNPATH_SEARCH_PATHS = (
					"$(inherited)",
					"@executable_path/Frameworks",
				);
				MARKETING_VERSION = 1.0;
				PRODUCT_BUNDLE_IDENTIFIER = "com.myiosapp.habittracker.Inventory-Management";
				PRODUCT_NAME = "$(TARGET_NAME)";
				SWIFT_EMIT_LOC_STRINGS = YES;
				SWIFT_VERSION = 5.0;
				TARGETED_DEVICE_FAMILY = "1,2";
			};
			name = Debug;
		};
		726FDD422C6D27EB004A11AC /* Release */ = {
			isa = XCBuildConfiguration;
			buildSettings = {
				ASSETCATALOG_COMPILER_APPICON_NAME = AppIcon;
				ASSETCATALOG_COMPILER_GLOBAL_ACCENT_COLOR_NAME = AccentColor;
				CODE_SIGN_STYLE = Automatic;
				CURRENT_PROJECT_VERSION = 1;
				DEVELOPMENT_ASSET_PATHS = "\"Inventory Management/Preview Content\"";
				DEVELOPMENT_TEAM = 5DLMWUFRTJ;
				ENABLE_PREVIEWS = YES;
				GENERATE_INFOPLIST_FILE = YES;
				INFOPLIST_KEY_NSCameraUsageDescription = "";
				INFOPLIST_KEY_UIApplicationSceneManifest_Generation = YES;
				INFOPLIST_KEY_UIApplicationSupportsIndirectInputEvents = YES;
				INFOPLIST_KEY_UILaunchScreen_Generation = YES;
				INFOPLIST_KEY_UISupportedInterfaceOrientations_iPad = "UIInterfaceOrientationPortrait UIInterfaceOrientationPortraitUpsideDown UIInterfaceOrientationLandscapeLeft UIInterfaceOrientationLandscapeRight";
				INFOPLIST_KEY_UISupportedInterfaceOrientations_iPhone = "UIInterfaceOrientationPortrait UIInterfaceOrientationLandscapeLeft UIInterfaceOrientationLandscapeRight";
				INFOPLIST_KEY_UIUserInterfaceStyle = Light;
				LD_RUNPATH_SEARCH_PATHS = (
					"$(inherited)",
					"@executable_path/Frameworks",
				);
				MARKETING_VERSION = 1.0;
				PRODUCT_BUNDLE_IDENTIFIER = "com.myiosapp.habittracker.Inventory-Management";
				PRODUCT_NAME = "$(TARGET_NAME)";
				SWIFT_EMIT_LOC_STRINGS = YES;
				SWIFT_VERSION = 5.0;
				TARGETED_DEVICE_FAMILY = "1,2";
			};
			name = Release;
		};
/* End XCBuildConfiguration section */

/* Begin XCConfigurationList section */
		726FDD2D2C6D27EA004A11AC /* Build configuration list for PBXProject "Inventory Management" */ = {
			isa = XCConfigurationList;
			buildConfigurations = (
				726FDD3E2C6D27EB004A11AC /* Debug */,
				726FDD3F2C6D27EB004A11AC /* Release */,
			);
			defaultConfigurationIsVisible = 0;
			defaultConfigurationName = Release;
		};
		726FDD402C6D27EB004A11AC /* Build configuration list for PBXNativeTarget "Inventory Management" */ = {
			isa = XCConfigurationList;
			buildConfigurations = (
				726FDD412C6D27EB004A11AC /* Debug */,
				726FDD422C6D27EB004A11AC /* Release */,
			);
			defaultConfigurationIsVisible = 0;
			defaultConfigurationName = Release;
		};
/* End XCConfigurationList section */

/* Begin XCRemoteSwiftPackageReference section */
		7257044D2C6FBCE80012E89D /* XCRemoteSwiftPackageReference "CodeScanner" */ = {
			isa = XCRemoteSwiftPackageReference;
			repositoryURL = "https://github.com/twostraws/CodeScanner";
			requirement = {
				kind = upToNextMajorVersion;
				minimumVersion = 2.5.0;
			};
		};
/* End XCRemoteSwiftPackageReference section */

/* Begin XCSwiftPackageProductDependency section */
		7257044E2C6FBCE80012E89D /* CodeScanner */ = {
			isa = XCSwiftPackageProductDependency;
			package = 7257044D2C6FBCE80012E89D /* XCRemoteSwiftPackageReference "CodeScanner" */;
			productName = CodeScanner;
		};
/* End XCSwiftPackageProductDependency section */
	};
	rootObject = 726FDD2A2C6D27EA004A11AC /* Project object */;
}
