{
  "originHash" : "dc33e5dc01aad39ed392ae3d9fccb4bb73cb70aac342c02c32ea7936d81c0e0e",
  "pins" : [
    {
      "identity" : "codescanner",
      "kind" : "remoteSourceControl",
      "location" : "https://github.com/twostraws/CodeScanner",
      "state" : {
        "revision" : "34da57fb63b47add20de8a85da58191523ccce57",
        "version" : "2.5.0"
      }
    },
    {
      "identity" : "purchases-ios-spm",
      "kind" : "remoteSourceControl",
      "location" : "https://github.com/RevenueCat/purchases-ios-spm.git",
      "state" : {
        "revision" : "4c0006aec5994bee99a5e4c9b91043d7a920b110",
        "version" : "5.3.0"
      }
    }
  ],
  "version" : 3
}
